
Microsoft Visual Studio Solution File, Format Version 12.00
# Visual Studio Version 17
VisualStudioVersion = 17.9.34728.123
MinimumVisualStudioVersion = 10.0.40219.1
Project("{FAE04EC0-301F-11D3-BF4B-00C04F79EFBC}") = "ConsoleApp2", "ConsoleApp2\ConsoleApp2.csproj", "{4757DA18-DEE5-41FB-9D38-3012D524E818}"
EndProject
Global
	GlobalSection(SolutionConfigurationPlatforms) = preSolution
		Debug|Any CPU = Debug|Any CPU
		Release|Any CPU = Release|Any CPU
	EndGlobalSection
	GlobalSection(ProjectConfigurationPlatforms) = postSolution
		{4757DA18-DEE5-41FB-9D38-3012D524E818}.Debug|Any CPU.ActiveCfg = Debug|Any CPU
		{4757DA18-DEE5-41FB-9D38-3012D524E818}.Debug|Any CPU.Build.0 = Debug|Any CPU
		{4757DA18-DEE5-41FB-9D38-3012D524E818}.Release|Any CPU.ActiveCfg = Release|Any CPU
		{4757DA18-DEE5-41FB-9D38-3012D524E818}.Release|Any CPU.Build.0 = Release|Any CPU
	EndGlobalSection
	GlobalSection(SolutionProperties) = preSolution
		HideSolutionNode = FALSE
	EndGlobalSection
	GlobalSection(ExtensibilityGlobals) = postSolution
		SolutionGuid = {C3319B08-E5A4-4743-97A6-766DC5E99A8B}
	EndGlobalSection
EndGlobal
